// !$*UTF8*$!
{
	archiveVersion = 1;
	classes = {
	};
	objectVersion = 46;
	objects = {

/* Begin PBXBuildFile section */
		836E377B18C02D140034C93D /* ListPhotosVC.m in Sources */ = {isa = PBXBuildFile; fileRef = 836E377A18C02D140034C93D /* ListPhotosVC.m */; };
		836F20FA18B90468008EA618 /* Foundation.framework in Frameworks */ = {isa = PBXBuildFile; fileRef = 836F20F918B90468008EA618 /* Foundation.framework */; };
		836F20FC18B90468008EA618 /* CoreGraphics.framework in Frameworks */ = {isa = PBXBuildFile; fileRef = 836F20FB18B90468008EA618 /* CoreGraphics.framework */; };
		836F20FE18B90468008EA618 /* UIKit.framework in Frameworks */ = {isa = PBXBuildFile; fileRef = 836F20FD18B90468008EA618 /* UIKit.framework */; };
		836F210418B90468008EA618 /* InfoPlist.strings in Resources */ = {isa = PBXBuildFile; fileRef = 836F210218B90468008EA618 /* InfoPlist.strings */; };
		836F210618B90468008EA618 /* main.m in Sources */ = {isa = PBXBuildFile; fileRef = 836F210518B90468008EA618 /* main.m */; };
		836F210A18B90468008EA618 /* AppDelegate.m in Sources */ = {isa = PBXBuildFile; fileRef = 836F210918B90468008EA618 /* AppDelegate.m */; };
		836F210D18B90468008EA618 /* Main.storyboard in Resources */ = {isa = PBXBuildFile; fileRef = 836F210B18B90468008EA618 /* Main.storyboard */; };
		836F211018B90468008EA618 /* ViewController.m in Sources */ = {isa = PBXBuildFile; fileRef = 836F210F18B90468008EA618 /* ViewController.m */; };
		836F211218B90468008EA618 /* Images.xcassets in Resources */ = {isa = PBXBuildFile; fileRef = 836F211118B90468008EA618 /* Images.xcassets */; };
		836F211918B90468008EA618 /* XCTest.framework in Frameworks */ = {isa = PBXBuildFile; fileRef = 836F211818B90468008EA618 /* XCTest.framework */; };
		836F211A18B90468008EA618 /* Foundation.framework in Frameworks */ = {isa = PBXBuildFile; fileRef = 836F20F918B90468008EA618 /* Foundation.framework */; };
		836F211B18B90468008EA618 /* UIKit.framework in Frameworks */ = {isa = PBXBuildFile; fileRef = 836F20FD18B90468008EA618 /* UIKit.framework */; };
		836F212318B90468008EA618 /* InfoPlist.strings in Resources */ = {isa = PBXBuildFile; fileRef = 836F212118B90468008EA618 /* InfoPlist.strings */; };
		836F212518B90468008EA618 /* PeekmeTests.m in Sources */ = {isa = PBXBuildFile; fileRef = 836F212418B90468008EA618 /* PeekmeTests.m */; };
		83782AF318BAB5D100E4A4A4 /* CoreLocation.framework in Frameworks */ = {isa = PBXBuildFile; fileRef = 83782AF218BAB5D100E4A4A4 /* CoreLocation.framework */; };
		83B16D0F18B9920C0073C541 /* search.png in Resources */ = {isa = PBXBuildFile; fileRef = 83B16D0E18B9920C0073C541 /* search.png */; };
		83D8687918C9659B00973A10 /* PhotoCellTVCell.m in Sources */ = {isa = PBXBuildFile; fileRef = 83D8687818C9659B00973A10 /* PhotoCellTVCell.m */; };
		83E288AC18BEB6E4002028E3 /* flat-owl-shape.png in Resources */ = {isa = PBXBuildFile; fileRef = 83E288AB18BEB6E4002028E3 /* flat-owl-shape.png */; };
/* End PBXBuildFile section */

/* Begin PBXContainerItemProxy section */
		836F211C18B90468008EA618 /* PBXContainerItemProxy */ = {
			isa = PBXContainerItemProxy;
			containerPortal = 836F20EE18B90468008EA618 /* Project object */;
			proxyType = 1;
			remoteGlobalIDString = 836F20F518B90468008EA618;
			remoteInfo = Peekme;
		};
/* End PBXContainerItemProxy section */

/* Begin PBXFileReference section */
		836E377918C02D140034C93D /* ListPhotosVC.h */ = {isa = PBXFileReference; fileEncoding = 4; lastKnownFileType = sourcecode.c.h; path = ListPhotosVC.h; sourceTree = "<group>"; };
		836E377A18C02D140034C93D /* ListPhotosVC.m */ = {isa = PBXFileReference; fileEncoding = 4; lastKnownFileType = sourcecode.c.objc; path = ListPhotosVC.m; sourceTree = "<group>"; };
		836F20F618B90468008EA618 /* Peekme.app */ = {isa = PBXFileReference; explicitFileType = wrapper.application; includeInIndex = 0; path = Peekme.app; sourceTree = BUILT_PRODUCTS_DIR; };
		836F20F918B90468008EA618 /* Foundation.framework */ = {isa = PBXFileReference; lastKnownFileType = wrapper.framework; name = Foundation.framework; path = System/Library/Frameworks/Foundation.framework; sourceTree = SDKROOT; };
		836F20FB18B90468008EA618 /* CoreGraphics.framework */ = {isa = PBXFileReference; lastKnownFileType = wrapper.framework; name = CoreGraphics.framework; path = System/Library/Frameworks/CoreGraphics.framework; sourceTree = SDKROOT; };
		836F20FD18B90468008EA618 /* UIKit.framework */ = {isa = PBXFileReference; lastKnownFileType = wrapper.framework; name = UIKit.framework; path = System/Library/Frameworks/UIKit.framework; sourceTree = SDKROOT; };
		836F210118B90468008EA618 /* Peekme-Info.plist */ = {isa = PBXFileReference; lastKnownFileType = text.plist.xml; path = "Peekme-Info.plist"; sourceTree = "<group>"; };
		836F210318B90468008EA618 /* en */ = {isa = PBXFileReference; lastKnownFileType = text.plist.strings; name = en; path = en.lproj/InfoPlist.strings; sourceTree = "<group>"; };
		836F210518B90468008EA618 /* main.m */ = {isa = PBXFileReference; lastKnownFileType = sourcecode.c.objc; path = main.m; sourceTree = "<group>"; };
		836F210718B90468008EA618 /* Peekme-Prefix.pch */ = {isa = PBXFileReference; lastKnownFileType = sourcecode.c.h; path = "Peekme-Prefix.pch"; sourceTree = "<group>"; };
		836F210818B90468008EA618 /* AppDelegate.h */ = {isa = PBXFileReference; lastKnownFileType = sourcecode.c.h; path = AppDelegate.h; sourceTree = "<group>"; };
		836F210918B90468008EA618 /* AppDelegate.m */ = {isa = PBXFileReference; lastKnownFileType = sourcecode.c.objc; path = AppDelegate.m; sourceTree = "<group>"; };
		836F210C18B90468008EA618 /* Base */ = {isa = PBXFileReference; lastKnownFileType = file.storyboard; name = Base; path = Base.lproj/Main.storyboard; sourceTree = "<group>"; };
		836F210E18B90468008EA618 /* ViewController.h */ = {isa = PBXFileReference; lastKnownFileType = sourcecode.c.h; path = ViewController.h; sourceTree = "<group>"; };
		836F210F18B90468008EA618 /* ViewController.m */ = {isa = PBXFileReference; lastKnownFileType = sourcecode.c.objc; path = ViewController.m; sourceTree = "<group>"; };
		836F211118B90468008EA618 /* Images.xcassets */ = {isa = PBXFileReference; lastKnownFileType = folder.assetcatalog; path = Images.xcassets; sourceTree = "<group>"; };
		836F211718B90468008EA618 /* PeekmeTests.xctest */ = {isa = PBXFileReference; explicitFileType = wrapper.cfbundle; includeInIndex = 0; path = PeekmeTests.xctest; sourceTree = BUILT_PRODUCTS_DIR; };
		836F211818B90468008EA618 /* XCTest.framework */ = {isa = PBXFileReference; lastKnownFileType = wrapper.framework; name = XCTest.framework; path = Library/Frameworks/XCTest.framework; sourceTree = DEVELOPER_DIR; };
		836F212018B90468008EA618 /* PeekmeTests-Info.plist */ = {isa = PBXFileReference; lastKnownFileType = text.plist.xml; path = "PeekmeTests-Info.plist"; sourceTree = "<group>"; };
		836F212218B90468008EA618 /* en */ = {isa = PBXFileReference; lastKnownFileType = text.plist.strings; name = en; path = en.lproj/InfoPlist.strings; sourceTree = "<group>"; };
		836F212418B90468008EA618 /* PeekmeTests.m */ = {isa = PBXFileReference; lastKnownFileType = sourcecode.c.objc; path = PeekmeTests.m; sourceTree = "<group>"; };
		83782AF218BAB5D100E4A4A4 /* CoreLocation.framework */ = {isa = PBXFileReference; lastKnownFileType = wrapper.framework; name = CoreLocation.framework; path = System/Library/Frameworks/CoreLocation.framework; sourceTree = SDKROOT; };
		83B16D0E18B9920C0073C541 /* search.png */ = {isa = PBXFileReference; lastKnownFileType = image.png; path = search.png; sourceTree = SOURCE_ROOT; };
		83D8687718C9659B00973A10 /* PhotoCellTVCell.h */ = {isa = PBXFileReference; fileEncoding = 4; lastKnownFileType = sourcecode.c.h; path = PhotoCellTVCell.h; sourceTree = "<group>"; };
		83D8687818C9659B00973A10 /* PhotoCellTVCell.m */ = {isa = PBXFileReference; fileEncoding = 4; lastKnownFileType = sourcecode.c.objc; path = PhotoCellTVCell.m; sourceTree = "<group>"; };
		83E288AB18BEB6E4002028E3 /* flat-owl-shape.png */ = {isa = PBXFileReference; lastKnownFileType = image.png; path = "flat-owl-shape.png"; sourceTree = SOURCE_ROOT; };
/* End PBXFileReference section */

/* Begin PBXFrameworksBuildPhase section */
		836F20F318B90468008EA618 /* Frameworks */ = {
			isa = PBXFrameworksBuildPhase;
			buildActionMask = 2147483647;
			files = (
				83782AF318BAB5D100E4A4A4 /* CoreLocation.framework in Frameworks */,
				836F20FC18B90468008EA618 /* CoreGraphics.framework in Frameworks */,
				836F20FE18B90468008EA618 /* UIKit.framework in Frameworks */,
				836F20FA18B90468008EA618 /* Foundation.framework in Frameworks */,
			);
			runOnlyForDeploymentPostprocessing = 0;
		};
		836F211418B90468008EA618 /* Frameworks */ = {
			isa = PBXFrameworksBuildPhase;
			buildActionMask = 2147483647;
			files = (
				836F211918B90468008EA618 /* XCTest.framework in Frameworks */,
				836F211B18B90468008EA618 /* UIKit.framework in Frameworks */,
				836F211A18B90468008EA618 /* Foundation.framework in Frameworks */,
			);
			runOnlyForDeploymentPostprocessing = 0;
		};
/* End PBXFrameworksBuildPhase section */

/* Begin PBXGroup section */
		836F20ED18B90468008EA618 = {
			isa = PBXGroup;
			children = (
				836F20FF18B90468008EA618 /* Peekme */,
				836F211E18B90468008EA618 /* PeekmeTests */,
				836F20F818B90468008EA618 /* Frameworks */,
				836F20F718B90468008EA618 /* Products */,
			);
			sourceTree = "<group>";
		};
		836F20F718B90468008EA618 /* Products */ = {
			isa = PBXGroup;
			children = (
				836F20F618B90468008EA618 /* Peekme.app */,
				836F211718B90468008EA618 /* PeekmeTests.xctest */,
			);
			name = Products;
			sourceTree = "<group>";
		};
		836F20F818B90468008EA618 /* Frameworks */ = {
			isa = PBXGroup;
			children = (
				83782AF218BAB5D100E4A4A4 /* CoreLocation.framework */,
				836F20F918B90468008EA618 /* Foundation.framework */,
				836F20FB18B90468008EA618 /* CoreGraphics.framework */,
				836F20FD18B90468008EA618 /* UIKit.framework */,
				836F211818B90468008EA618 /* XCTest.framework */,
			);
			name = Frameworks;
			sourceTree = "<group>";
		};
		836F20FF18B90468008EA618 /* Peekme */ = {
			isa = PBXGroup;
			children = (
				836E377918C02D140034C93D /* ListPhotosVC.h */,
				836E377A18C02D140034C93D /* ListPhotosVC.m */,
				836F210818B90468008EA618 /* AppDelegate.h */,
				836F210918B90468008EA618 /* AppDelegate.m */,
				836F210B18B90468008EA618 /* Main.storyboard */,
				836F210E18B90468008EA618 /* ViewController.h */,
				836F210F18B90468008EA618 /* ViewController.m */,
				836F211118B90468008EA618 /* Images.xcassets */,
				836F210018B90468008EA618 /* Supporting Files */,
				83D8687718C9659B00973A10 /* PhotoCellTVCell.h */,
				83D8687818C9659B00973A10 /* PhotoCellTVCell.m */,
			);
			path = Peekme;
			sourceTree = "<group>";
		};
		836F210018B90468008EA618 /* Supporting Files */ = {
			isa = PBXGroup;
			children = (
				83E288AB18BEB6E4002028E3 /* flat-owl-shape.png */,
				83B16D0E18B9920C0073C541 /* search.png */,
				836F210118B90468008EA618 /* Peekme-Info.plist */,
				836F210218B90468008EA618 /* InfoPlist.strings */,
				836F210518B90468008EA618 /* main.m */,
				836F210718B90468008EA618 /* Peekme-Prefix.pch */,
			);
			name = "Supporting Files";
			sourceTree = "<group>";
		};
		836F211E18B90468008EA618 /* PeekmeTests */ = {
			isa = PBXGroup;
			children = (
				836F212418B90468008EA618 /* PeekmeTests.m */,
				836F211F18B90468008EA618 /* Supporting Files */,
			);
			path = PeekmeTests;
			sourceTree = "<group>";
		};
		836F211F18B90468008EA618 /* Supporting Files */ = {
			isa = PBXGroup;
			children = (
				836F212018B90468008EA618 /* PeekmeTests-Info.plist */,
				836F212118B90468008EA618 /* InfoPlist.strings */,
			);
			name = "Supporting Files";
			sourceTree = "<group>";
		};
/* End PBXGroup section */

/* Begin PBXNativeTarget section */
		836F20F518B90468008EA618 /* Peekme */ = {
			isa = PBXNativeTarget;
			buildConfigurationList = 836F212818B90468008EA618 /* Build configuration list for PBXNativeTarget "Peekme" */;
			buildPhases = (
				836F20F218B90468008EA618 /* Sources */,
				836F20F318B90468008EA618 /* Frameworks */,
				836F20F418B90468008EA618 /* Resources */,
			);
			buildRules = (
			);
			dependencies = (
			);
			name = Peekme;
			productName = Peekme;
			productReference = 836F20F618B90468008EA618 /* Peekme.app */;
			productType = "com.apple.product-type.application";
		};
		836F211618B90468008EA618 /* PeekmeTests */ = {
			isa = PBXNativeTarget;
			buildConfigurationList = 836F212B18B90468008EA618 /* Build configuration list for PBXNativeTarget "PeekmeTests" */;
			buildPhases = (
				836F211318B90468008EA618 /* Sources */,
				836F211418B90468008EA618 /* Frameworks */,
				836F211518B90468008EA618 /* Resources */,
			);
			buildRules = (
			);
			dependencies = (
				836F211D18B90468008EA618 /* PBXTargetDependency */,
			);
			name = PeekmeTests;
			productName = PeekmeTests;
			productReference = 836F211718B90468008EA618 /* PeekmeTests.xctest */;
			productType = "com.apple.product-type.bundle.unit-test";
		};
/* End PBXNativeTarget section */

/* Begin PBXProject section */
		836F20EE18B90468008EA618 /* Project object */ = {
			isa = PBXProject;
			attributes = {
				LastUpgradeCheck = 0500;
				ORGANIZATIONNAME = JSoft;
				TargetAttributes = {
					836F20F518B90468008EA618 = {
						DevelopmentTeam = PT37XNL4CU;
					};
					836F211618B90468008EA618 = {
						TestTargetID = 836F20F518B90468008EA618;
					};
				};
			};
			buildConfigurationList = 836F20F118B90468008EA618 /* Build configuration list for PBXProject "Peekme" */;
			compatibilityVersion = "Xcode 3.2";
			developmentRegion = English;
			hasScannedForEncodings = 0;
			knownRegions = (
				en,
				Base,
			);
			mainGroup = 836F20ED18B90468008EA618;
			productRefGroup = 836F20F718B90468008EA618 /* Products */;
			projectDirPath = "";
			projectRoot = "";
			targets = (
				836F20F518B90468008EA618 /* Peekme */,
				836F211618B90468008EA618 /* PeekmeTests */,
			);
		};
/* End PBXProject section */

/* Begin PBXResourcesBuildPhase section */
		836F20F418B90468008EA618 /* Resources */ = {
			isa = PBXResourcesBuildPhase;
			buildActionMask = 2147483647;
			files = (
				83B16D0F18B9920C0073C541 /* search.png in Resources */,
				836F211218B90468008EA618 /* Images.xcassets in Resources */,
				83E288AC18BEB6E4002028E3 /* flat-owl-shape.png in Resources */,
				836F210418B90468008EA618 /* InfoPlist.strings in Resources */,
				836F210D18B90468008EA618 /* Main.storyboard in Resources */,
			);
			runOnlyForDeploymentPostprocessing = 0;
		};
		836F211518B90468008EA618 /* Resources */ = {
			isa = PBXResourcesBuildPhase;
			buildActionMask = 2147483647;
			files = (
				836F212318B90468008EA618 /* InfoPlist.strings in Resources */,
			);
			runOnlyForDeploymentPostprocessing = 0;
		};
/* End PBXResourcesBuildPhase section */

/* Begin PBXSourcesBuildPhase section */
		836F20F218B90468008EA618 /* Sources */ = {
			isa = PBXSourcesBuildPhase;
			buildActionMask = 2147483647;
			files = (
				83D8687918C9659B00973A10 /* PhotoCellTVCell.m in Sources */,
				836F211018B90468008EA618 /* ViewController.m in Sources */,
				836F210A18B90468008EA618 /* AppDelegate.m in Sources */,
				836F210618B90468008EA618 /* main.m in Sources */,
				836E377B18C02D140034C93D /* ListPhotosVC.m in Sources */,
			);
			runOnlyForDeploymentPostprocessing = 0;
		};
		836F211318B90468008EA618 /* Sources */ = {
			isa = PBXSourcesBuildPhase;
			buildActionMask = 2147483647;
			files = (
				836F212518B90468008EA618 /* PeekmeTests.m in Sources */,
			);
			runOnlyForDeploymentPostprocessing = 0;
		};
/* End PBXSourcesBuildPhase section */

/* Begin PBXTargetDependency section */
		836F211D18B90468008EA618 /* PBXTargetDependency */ = {
			isa = PBXTargetDependency;
			target = 836F20F518B90468008EA618 /* Peekme */;
			targetProxy = 836F211C18B90468008EA618 /* PBXContainerItemProxy */;
		};
/* End PBXTargetDependency section */

/* Begin PBXVariantGroup section */
		836F210218B90468008EA618 /* InfoPlist.strings */ = {
			isa = PBXVariantGroup;
			children = (
				836F210318B90468008EA618 /* en */,
			);
			name = InfoPlist.strings;
			sourceTree = "<group>";
		};
		836F210B18B90468008EA618 /* Main.storyboard */ = {
			isa = PBXVariantGroup;
			children = (
				836F210C18B90468008EA618 /* Base */,
			);
			name = Main.storyboard;
			sourceTree = "<group>";
		};
		836F212118B90468008EA618 /* InfoPlist.strings */ = {
			isa = PBXVariantGroup;
			children = (
				836F212218B90468008EA618 /* en */,
			);
			name = InfoPlist.strings;
			sourceTree = "<group>";
		};
/* End PBXVariantGroup section */

/* Begin XCBuildConfiguration section */
		836F212618B90468008EA618 /* Debug */ = {
			isa = XCBuildConfiguration;
			buildSettings = {
				ALWAYS_SEARCH_USER_PATHS = NO;
				ARCHS = "$(ARCHS_STANDARD_INCLUDING_64_BIT)";
				CLANG_CXX_LANGUAGE_STANDARD = "gnu++0x";
				CLANG_CXX_LIBRARY = "libc++";
				CLANG_ENABLE_MODULES = YES;
				CLANG_ENABLE_OBJC_ARC = YES;
				CLANG_WARN_BOOL_CONVERSION = YES;
				CLANG_WARN_CONSTANT_CONVERSION = YES;
				CLANG_WARN_DIRECT_OBJC_ISA_USAGE = YES_ERROR;
				CLANG_WARN_EMPTY_BODY = YES;
				CLANG_WARN_ENUM_CONVERSION = YES;
				CLANG_WARN_INT_CONVERSION = YES;
				CLANG_WARN_OBJC_ROOT_CLASS = YES_ERROR;
				CLANG_WARN__DUPLICATE_METHOD_MATCH = YES;
				"CODE_SIGN_IDENTITY[sdk=iphoneos*]" = "iPhone Developer";
				COPY_PHASE_STRIP = NO;
				GCC_C_LANGUAGE_STANDARD = gnu99;
				GCC_DYNAMIC_NO_PIC = NO;
				GCC_OPTIMIZATION_LEVEL = 0;
				GCC_PREPROCESSOR_DEFINITIONS = (
					"DEBUG=1",
					"$(inherited)",
				);
				GCC_SYMBOLS_PRIVATE_EXTERN = NO;
				GCC_WARN_64_TO_32_BIT_CONVERSION = YES;
				GCC_WARN_ABOUT_RETURN_TYPE = YES_ERROR;
				GCC_WARN_UNDECLARED_SELECTOR = YES;
				GCC_WARN_UNINITIALIZED_AUTOS = YES;
				GCC_WARN_UNUSED_FUNCTION = YES;
				GCC_WARN_UNUSED_VARIABLE = YES;
				IPHONEOS_DEPLOYMENT_TARGET = 7.0;
				ONLY_ACTIVE_ARCH = YES;
				SDKROOT = iphoneos;
			};
			name = Debug;
		};
		836F212718B90468008EA618 /* Release */ = {
			isa = XCBuildConfiguration;
			buildSettings = {
				ALWAYS_SEARCH_USER_PATHS = NO;
				ARCHS = "$(ARCHS_STANDARD_INCLUDING_64_BIT)";
				CLANG_CXX_LANGUAGE_STANDARD = "gnu++0x";
				CLANG_CXX_LIBRARY = "libc++";
				CLANG_ENABLE_MODULES = YES;
				CLANG_ENABLE_OBJC_ARC = YES;
				CLANG_WARN_BOOL_CONVERSION = YES;
				CLANG_WARN_CONSTANT_CONVERSION = YES;
				CLANG_WARN_DIRECT_OBJC_ISA_USAGE = YES_ERROR;
				CLANG_WARN_EMPTY_BODY = YES;
				CLANG_WARN_ENUM_CONVERSION = YES;
				CLANG_WARN_INT_CONVERSION = YES;
				CLANG_WARN_OBJC_ROOT_CLASS = YES_ERROR;
				CLANG_WARN__DUPLICATE_METHOD_MATCH = YES;
				"CODE_SIGN_IDENTITY[sdk=iphoneos*]" = "iPhone Developer";
				COPY_PHASE_STRIP = YES;
				ENABLE_NS_ASSERTIONS = NO;
				GCC_C_LANGUAGE_STANDARD = gnu99;
				GCC_WARN_64_TO_32_BIT_CONVERSION = YES;
				GCC_WARN_ABOUT_RETURN_TYPE = YES_ERROR;
				GCC_WARN_UNDECLARED_SELECTOR = YES;
				GCC_WARN_UNINITIALIZED_AUTOS = YES;
				GCC_WARN_UNUSED_FUNCTION = YES;
				GCC_WARN_UNUSED_VARIABLE = YES;
				IPHONEOS_DEPLOYMENT_TARGET = 7.0;
				SDKROOT = iphoneos;
				VALIDATE_PRODUCT = YES;
			};
			name = Release;
		};
		836F212918B90468008EA618 /* Debug */ = {
			isa = XCBuildConfiguration;
			buildSettings = {
				ASSETCATALOG_COMPILER_APPICON_NAME = AppIcon;
				ASSETCATALOG_COMPILER_LAUNCHIMAGE_NAME = LaunchImage;
				CODE_SIGN_IDENTITY = "iPhone Developer";
				"CODE_SIGN_IDENTITY[sdk=iphoneos*]" = "iPhone Developer";
				GCC_PRECOMPILE_PREFIX_HEADER = YES;
				GCC_PREFIX_HEADER = "Peekme/Peekme-Prefix.pch";
				INFOPLIST_FILE = "Peekme/Peekme-Info.plist";
				PRODUCT_NAME = "$(TARGET_NAME)";
				PROVISIONING_PROFILE = "";
				WRAPPER_EXTENSION = app;
			};
			name = Debug;
		};
		836F212A18B90468008EA618 /* Release */ = {
			isa = XCBuildConfiguration;
			buildSettings = {
				ASSETCATALOG_COMPILER_APPICON_NAME = AppIcon;
				ASSETCATALOG_COMPILER_LAUNCHIMAGE_NAME = LaunchImage;
				CODE_SIGN_IDENTITY = "iPhone Developer";
				"CODE_SIGN_IDENTITY[sdk=iphoneos*]" = "iPhone Developer";
				GCC_PRECOMPILE_PREFIX_HEADER = YES;
				GCC_PREFIX_HEADER = "Peekme/Peekme-Prefix.pch";
				INFOPLIST_FILE = "Peekme/Peekme-Info.plist";
				PRODUCT_NAME = "$(TARGET_NAME)";
				PROVISIONING_PROFILE = "";
				WRAPPER_EXTENSION = app;
			};
			name = Release;
		};
		836F212C18B90468008EA618 /* Debug */ = {
			isa = XCBuildConfiguration;
			buildSettings = {
				ARCHS = "$(ARCHS_STANDARD_INCLUDING_64_BIT)";
				BUNDLE_LOADER = "$(BUILT_PRODUCTS_DIR)/Peekme.app/Peekme";
				FRAMEWORK_SEARCH_PATHS = (
					"$(SDKROOT)/Developer/Library/Frameworks",
					"$(inherited)",
					"$(DEVELOPER_FRAMEWORKS_DIR)",
				);
				GCC_PRECOMPILE_PREFIX_HEADER = YES;
				GCC_PREFIX_HEADER = "Peekme/Peekme-Prefix.pch";
				GCC_PREPROCESSOR_DEFINITIONS = (
					"DEBUG=1",
					"$(inherited)",
				);
				INFOPLIST_FILE = "PeekmeTests/PeekmeTests-Info.plist";
				PRODUCT_NAME = "$(TARGET_NAME)";
				TEST_HOST = "$(BUNDLE_LOADER)";
				WRAPPER_EXTENSION = xctest;
			};
			name = Debug;
		};
		836F212D18B90468008EA618 /* Release */ = {
			isa = XCBuildConfiguration;
			buildSettings = {
				ARCHS = "$(ARCHS_STANDARD_INCLUDING_64_BIT)";
				BUNDLE_LOADER = "$(BUILT_PRODUCTS_DIR)/Peekme.app/Peekme";
				FRAMEWORK_SEARCH_PATHS = (
					"$(SDKROOT)/Developer/Library/Frameworks",
					"$(inherited)",
					"$(DEVELOPER_FRAMEWORKS_DIR)",
				);
				GCC_PRECOMPILE_PREFIX_HEADER = YES;
				GCC_PREFIX_HEADER = "Peekme/Peekme-Prefix.pch";
				INFOPLIST_FILE = "PeekmeTests/PeekmeTests-Info.plist";
				PRODUCT_NAME = "$(TARGET_NAME)";
				TEST_HOST = "$(BUNDLE_LOADER)";
				WRAPPER_EXTENSION = xctest;
			};
			name = Release;
		};
/* End XCBuildConfiguration section */

/* Begin XCConfigurationList section */
		836F20F118B90468008EA618 /* Build configuration list for PBXProject "Peekme" */ = {
			isa = XCConfigurationList;
			buildConfigurations = (
				836F212618B90468008EA618 /* Debug */,
				836F212718B90468008EA618 /* Release */,
			);
			defaultConfigurationIsVisible = 0;
			defaultConfigurationName = Release;
		};
		836F212818B90468008EA618 /* Build configuration list for PBXNativeTarget "Peekme" */ = {
			isa = XCConfigurationList;
			buildConfigurations = (
				836F212918B90468008EA618 /* Debug */,
				836F212A18B90468008EA618 /* Release */,
			);
			defaultConfigurationIsVisible = 0;
			defaultConfigurationName = Release;
		};
		836F212B18B90468008EA618 /* Build configuration list for PBXNativeTarget "PeekmeTests" */ = {
			isa = XCConfigurationList;
			buildConfigurations = (
				836F212C18B90468008EA618 /* Debug */,
				836F212D18B90468008EA618 /* Release */,
			);
			defaultConfigurationIsVisible = 0;
			defaultConfigurationName = Release;
		};
/* End XCConfigurationList section */
	};
	rootObject = 836F20EE18B90468008EA618 /* Project object */;
}
